// !$*UTF8*$!
{
	archiveVersion = 1;
	classes = {
	};
	objectVersion = 56;
	objects = {

/* Begin PBXBuildFile section */
		D686A9702B44BDFB005FE93C /* SwiftDemoSpeechApp.swift in Sources */ = {isa = PBXBuildFile; fileRef = D686A96F2B44BDFB005FE93C /* SwiftDemoSpeechApp.swift */; };
		D686A9722B44BDFB005FE93C /* ContentView.swift in Sources */ = {isa = PBXBuildFile; fileRef = D686A9712B44BDFB005FE93C /* ContentView.swift */; };
		D686A9742B44BDFC005FE93C /* Assets.xcassets in Resources */ = {isa = PBXBuildFile; fileRef = D686A9732B44BDFC005FE93C /* Assets.xcassets */; };
		D686A9772B44BDFC005FE93C /* Preview Assets.xcassets in Resources */ = {isa = PBXBuildFile; fileRef = D686A9762B44BDFC005FE93C /* Preview Assets.xcassets */; };
		D686A9812B44BDFD005FE93C /* SwiftDemoSpeechTests.swift in Sources */ = {isa = PBXBuildFile; fileRef = D686A9802B44BDFD005FE93C /* SwiftDemoSpeechTests.swift */; };
		D686A98B2B44BDFD005FE93C /* SwiftDemoSpeechUITests.swift in Sources */ = {isa = PBXBuildFile; fileRef = D686A98A2B44BDFD005FE93C /* SwiftDemoSpeechUITests.swift */; };
		D686A98D2B44BDFD005FE93C /* SwiftDemoSpeechUITestsLaunchTests.swift in Sources */ = {isa = PBXBuildFile; fileRef = D686A98C2B44BDFD005FE93C /* SwiftDemoSpeechUITestsLaunchTests.swift */; };
		D68C4C032B454C100012A835 /* Helper.swift in Sources */ = {isa = PBXBuildFile; fileRef = D68C4C022B454C100012A835 /* Helper.swift */; };
/* End PBXBuildFile section */

/* Begin PBXContainerItemProxy section */
		D686A97D2B44BDFD005FE93C /* PBXContainerItemProxy */ = {
			isa = PBXContainerItemProxy;
			containerPortal = D686A9642B44BDFB005FE93C /* Project object */;
			proxyType = 1;
			remoteGlobalIDString = D686A96B2B44BDFB005FE93C;
			remoteInfo = SwiftDemoSpeech;
		};
		D686A9872B44BDFD005FE93C /* PBXContainerItemProxy */ = {
			isa = PBXContainerItemProxy;
			containerPortal = D686A9642B44BDFB005FE93C /* Project object */;
			proxyType = 1;
			remoteGlobalIDString = D686A96B2B44BDFB005FE93C;
			remoteInfo = SwiftDemoSpeech;
		};
/* End PBXContainerItemProxy section */

/* Begin PBXFileReference section */
		D686A96C2B44BDFB005FE93C /* SwiftDemoSpeech.app */ = {isa = PBXFileReference; explicitFileType = wrapper.application; includeInIndex = 0; path = SwiftDemoSpeech.app; sourceTree = BUILT_PRODUCTS_DIR; };
		D686A96F2B44BDFB005FE93C /* SwiftDemoSpeechApp.swift */ = {isa = PBXFileReference; lastKnownFileType = sourcecode.swift; path = SwiftDemoSpeechApp.swift; sourceTree = "<group>"; };
		D686A9712B44BDFB005FE93C /* ContentView.swift */ = {isa = PBXFileReference; lastKnownFileType = sourcecode.swift; path = ContentView.swift; sourceTree = "<group>"; };
		D686A9732B44BDFC005FE93C /* Assets.xcassets */ = {isa = PBXFileReference; lastKnownFileType = folder.assetcatalog; path = Assets.xcassets; sourceTree = "<group>"; };
		D686A9762B44BDFC005FE93C /* Preview Assets.xcassets */ = {isa = PBXFileReference; lastKnownFileType = folder.assetcatalog; path = "Preview Assets.xcassets"; sourceTree = "<group>"; };
		D686A97C2B44BDFD005FE93C /* SwiftDemoSpeechTests.xctest */ = {isa = PBXFileReference; explicitFileType = wrapper.cfbundle; includeInIndex = 0; path = SwiftDemoSpeechTests.xctest; sourceTree = BUILT_PRODUCTS_DIR; };
		D686A9802B44BDFD005FE93C /* SwiftDemoSpeechTests.swift */ = {isa = PBXFileReference; lastKnownFileType = sourcecode.swift; path = SwiftDemoSpeechTests.swift; sourceTree = "<group>"; };
		D686A9862B44BDFD005FE93C /* SwiftDemoSpeechUITests.xctest */ = {isa = PBXFileReference; explicitFileType = wrapper.cfbundle; includeInIndex = 0; path = SwiftDemoSpeechUITests.xctest; sourceTree = BUILT_PRODUCTS_DIR; };
		D686A98A2B44BDFD005FE93C /* SwiftDemoSpeechUITests.swift */ = {isa = PBXFileReference; lastKnownFileType = sourcecode.swift; path = SwiftDemoSpeechUITests.swift; sourceTree = "<group>"; };
		D686A98C2B44BDFD005FE93C /* SwiftDemoSpeechUITestsLaunchTests.swift */ = {isa = PBXFileReference; lastKnownFileType = sourcecode.swift; path = SwiftDemoSpeechUITestsLaunchTests.swift; sourceTree = "<group>"; };
		D68C4C022B454C100012A835 /* Helper.swift */ = {isa = PBXFileReference; lastKnownFileType = sourcecode.swift; path = Helper.swift; sourceTree = "<group>"; };
/* End PBXFileReference section */

/* Begin PBXFrameworksBuildPhase section */
		D686A9692B44BDFB005FE93C /* Frameworks */ = {
			isa = PBXFrameworksBuildPhase;
			buildActionMask = 2147483647;
			files = (
			);
			runOnlyForDeploymentPostprocessing = 0;
		};
		D686A9792B44BDFD005FE93C /* Frameworks */ = {
			isa = PBXFrameworksBuildPhase;
			buildActionMask = 2147483647;
			files = (
			);
			runOnlyForDeploymentPostprocessing = 0;
		};
		D686A9832B44BDFD005FE93C /* Frameworks */ = {
			isa = PBXFrameworksBuildPhase;
			buildActionMask = 2147483647;
			files = (
			);
			runOnlyForDeploymentPostprocessing = 0;
		};
/* End PBXFrameworksBuildPhase section */

/* Begin PBXGroup section */
		D686A9632B44BDFB005FE93C = {
			isa = PBXGroup;
			children = (
				D686A96E2B44BDFB005FE93C /* SwiftDemoSpeech */,
				D686A97F2B44BDFD005FE93C /* SwiftDemoSpeechTests */,
				D686A9892B44BDFD005FE93C /* SwiftDemoSpeechUITests */,
				D686A96D2B44BDFB005FE93C /* Products */,
			);
			sourceTree = "<group>";
		};
		D686A96D2B44BDFB005FE93C /* Products */ = {
			isa = PBXGroup;
			children = (
				D686A96C2B44BDFB005FE93C /* SwiftDemoSpeech.app */,
				D686A97C2B44BDFD005FE93C /* SwiftDemoSpeechTests.xctest */,
				D686A9862B44BDFD005FE93C /* SwiftDemoSpeechUITests.xctest */,
			);
			name = Products;
			sourceTree = "<group>";
		};
		D686A96E2B44BDFB005FE93C /* SwiftDemoSpeech */ = {
			isa = PBXGroup;
			children = (
				D686A96F2B44BDFB005FE93C /* SwiftDemoSpeechApp.swift */,
				D686A9712B44BDFB005FE93C /* ContentView.swift */,
				D686A9732B44BDFC005FE93C /* Assets.xcassets */,
				D686A9752B44BDFC005FE93C /* Preview Content */,
				D68C4C022B454C100012A835 /* Helper.swift */,
			);
			path = SwiftDemoSpeech;
			sourceTree = "<group>";
		};
		D686A9752B44BDFC005FE93C /* Preview Content */ = {
			isa = PBXGroup;
			children = (
				D686A9762B44BDFC005FE93C /* Preview Assets.xcassets */,
			);
			path = "Preview Content";
			sourceTree = "<group>";
		};
		D686A97F2B44BDFD005FE93C /* SwiftDemoSpeechTests */ = {
			isa = PBXGroup;
			children = (
				D686A9802B44BDFD005FE93C /* SwiftDemoSpeechTests.swift */,
			);
			path = SwiftDemoSpeechTests;
			sourceTree = "<group>";
		};
		D686A9892B44BDFD005FE93C /* SwiftDemoSpeechUITests */ = {
			isa = PBXGroup;
			children = (
				D686A98A2B44BDFD005FE93C /* SwiftDemoSpeechUITests.swift */,
				D686A98C2B44BDFD005FE93C /* SwiftDemoSpeechUITestsLaunchTests.swift */,
			);
			path = SwiftDemoSpeechUITests;
			sourceTree = "<group>";
		};
/* End PBXGroup section */

/* Begin PBXNativeTarget section */
		D686A96B2B44BDFB005FE93C /* SwiftDemoSpeech */ = {
			isa = PBXNativeTarget;
			buildConfigurationList = D686A9902B44BDFD005FE93C /* Build configuration list for PBXNativeTarget "SwiftDemoSpeech" */;
			buildPhases = (
				D686A9682B44BDFB005FE93C /* Sources */,
				D686A9692B44BDFB005FE93C /* Frameworks */,
				D686A96A2B44BDFB005FE93C /* Resources */,
			);
			buildRules = (
			);
			dependencies = (
			);
			name = SwiftDemoSpeech;
			productName = SwiftDemoSpeech;
			productReference = D686A96C2B44BDFB005FE93C /* SwiftDemoSpeech.app */;
			productType = "com.apple.product-type.application";
		};
		D686A97B2B44BDFD005FE93C /* SwiftDemoSpeechTests */ = {
			isa = PBXNativeTarget;
			buildConfigurationList = D686A9932B44BDFD005FE93C /* Build configuration list for PBXNativeTarget "SwiftDemoSpeechTests" */;
			buildPhases = (
				D686A9782B44BDFD005FE93C /* Sources */,
				D686A9792B44BDFD005FE93C /* Frameworks */,
				D686A97A2B44BDFD005FE93C /* Resources */,
			);
			buildRules = (
			);
			dependencies = (
				D686A97E2B44BDFD005FE93C /* PBXTargetDependency */,
			);
			name = SwiftDemoSpeechTests;
			productName = SwiftDemoSpeechTests;
			productReference = D686A97C2B44BDFD005FE93C /* SwiftDemoSpeechTests.xctest */;
			productType = "com.apple.product-type.bundle.unit-test";
		};
		D686A9852B44BDFD005FE93C /* SwiftDemoSpeechUITests */ = {
			isa = PBXNativeTarget;
			buildConfigurationList = D686A9962B44BDFD005FE93C /* Build configuration list for PBXNativeTarget "SwiftDemoSpeechUITests" */;
			buildPhases = (
				D686A9822B44BDFD005FE93C /* Sources */,
				D686A9832B44BDFD005FE93C /* Frameworks */,
				D686A9842B44BDFD005FE93C /* Resources */,
			);
			buildRules = (
			);
			dependencies = (
				D686A9882B44BDFD005FE93C /* PBXTargetDependency */,
			);
			name = SwiftDemoSpeechUITests;
			productName = SwiftDemoSpeechUITests;
			productReference = D686A9862B44BDFD005FE93C /* SwiftDemoSpeechUITests.xctest */;
			productType = "com.apple.product-type.bundle.ui-testing";
		};
/* End PBXNativeTarget section */

/* Begin PBXProject section */
		D686A9642B44BDFB005FE93C /* Project object */ = {
			isa = PBXProject;
			attributes = {
				BuildIndependentTargetsInParallel = 1;
				LastSwiftUpdateCheck = 1510;
				LastUpgradeCheck = 1510;
				TargetAttributes = {
					D686A96B2B44BDFB005FE93C = {
						CreatedOnToolsVersion = 15.1;
					};
					D686A97B2B44BDFD005FE93C = {
						CreatedOnToolsVersion = 15.1;
						TestTargetID = D686A96B2B44BDFB005FE93C;
					};
					D686A9852B44BDFD005FE93C = {
						CreatedOnToolsVersion = 15.1;
						TestTargetID = D686A96B2B44BDFB005FE93C;
					};
				};
			};
			buildConfigurationList = D686A9672B44BDFB005FE93C /* Build configuration list for PBXProject "SwiftDemoSpeech" */;
			compatibilityVersion = "Xcode 14.0";
			developmentRegion = en;
			hasScannedForEncodings = 0;
			knownRegions = (
				en,
				Base,
			);
			mainGroup = D686A9632B44BDFB005FE93C;
			productRefGroup = D686A96D2B44BDFB005FE93C /* Products */;
			projectDirPath = "";
			projectRoot = "";
			targets = (
				D686A96B2B44BDFB005FE93C /* SwiftDemoSpeech */,
				D686A97B2B44BDFD005FE93C /* SwiftDemoSpeechTests */,
				D686A9852B44BDFD005FE93C /* SwiftDemoSpeechUITests */,
			);
		};
/* End PBXProject section */

/* Begin PBXResourcesBuildPhase section */
		D686A96A2B44BDFB005FE93C /* Resources */ = {
			isa = PBXResourcesBuildPhase;
			buildActionMask = 2147483647;
			files = (
				D686A9772B44BDFC005FE93C /* Preview Assets.xcassets in Resources */,
				D686A9742B44BDFC005FE93C /* Assets.xcassets in Resources */,
			);
			runOnlyForDeploymentPostprocessing = 0;
		};
		D686A97A2B44BDFD005FE93C /* Resources */ = {
			isa = PBXResourcesBuildPhase;
			buildActionMask = 2147483647;
			files = (
			);
			runOnlyForDeploymentPostprocessing = 0;
		};
		D686A9842B44BDFD005FE93C /* Resources */ = {
			isa = PBXResourcesBuildPhase;
			buildActionMask = 2147483647;
			files = (
			);
			runOnlyForDeploymentPostprocessing = 0;
		};
/* End PBXResourcesBuildPhase section */

/* Begin PBXSourcesBuildPhase section */
		D686A9682B44BDFB005FE93C /* Sources */ = {
			isa = PBXSourcesBuildPhase;
			buildActionMask = 2147483647;
			files = (
				D686A9722B44BDFB005FE93C /* ContentView.swift in Sources */,
				D686A9702B44BDFB005FE93C /* SwiftDemoSpeechApp.swift in Sources */,
				D68C4C032B454C100012A835 /* Helper.swift in Sources */,
			);
			runOnlyForDeploymentPostprocessing = 0;
		};
		D686A9782B44BDFD005FE93C /* Sources */ = {
			isa = PBXSourcesBuildPhase;
			buildActionMask = 2147483647;
			files = (
				D686A9812B44BDFD005FE93C /* SwiftDemoSpeechTests.swift in Sources */,
			);
			runOnlyForDeploymentPostprocessing = 0;
		};
		D686A9822B44BDFD005FE93C /* Sources */ = {
			isa = PBXSourcesBuildPhase;
			buildActionMask = 2147483647;
			files = (
				D686A98B2B44BDFD005FE93C /* SwiftDemoSpeechUITests.swift in Sources */,
				D686A98D2B44BDFD005FE93C /* SwiftDemoSpeechUITestsLaunchTests.swift in Sources */,
			);
			runOnlyForDeploymentPostprocessing = 0;
		};
/* End PBXSourcesBuildPhase section */

/* Begin PBXTargetDependency section */
		D686A97E2B44BDFD005FE93C /* PBXTargetDependency */ = {
			isa = PBXTargetDependency;
			target = D686A96B2B44BDFB005FE93C /* SwiftDemoSpeech */;
			targetProxy = D686A97D2B44BDFD005FE93C /* PBXContainerItemProxy */;
		};
		D686A9882B44BDFD005FE93C /* PBXTargetDependency */ = {
			isa = PBXTargetDependency;
			target = D686A96B2B44BDFB005FE93C /* SwiftDemoSpeech */;
			targetProxy = D686A9872B44BDFD005FE93C /* PBXContainerItemProxy */;
		};
/* End PBXTargetDependency section */

/* Begin XCBuildConfiguration section */
		D686A98E2B44BDFD005FE93C /* Debug */ = {
			isa = XCBuildConfiguration;
			buildSettings = {
				ALWAYS_SEARCH_USER_PATHS = NO;
				ASSETCATALOG_COMPILER_GENERATE_SWIFT_ASSET_SYMBOL_EXTENSIONS = YES;
				CLANG_ANALYZER_NONNULL = YES;
				CLANG_ANALYZER_NUMBER_OBJECT_CONVERSION = YES_AGGRESSIVE;
				CLANG_CXX_LANGUAGE_STANDARD = "gnu++20";
				CLANG_ENABLE_MODULES = YES;
				CLANG_ENABLE_OBJC_ARC = YES;
				CLANG_ENABLE_OBJC_WEAK = YES;
				CLANG_WARN_BLOCK_CAPTURE_AUTORELEASING = YES;
				CLANG_WARN_BOOL_CONVERSION = YES;
				CLANG_WARN_COMMA = YES;
				CLANG_WARN_CONSTANT_CONVERSION = YES;
				CLANG_WARN_DEPRECATED_OBJC_IMPLEMENTATIONS = YES;
				CLANG_WARN_DIRECT_OBJC_ISA_USAGE = YES_ERROR;
				CLANG_WARN_DOCUMENTATION_COMMENTS = YES;
				CLANG_WARN_EMPTY_BODY = YES;
				CLANG_WARN_ENUM_CONVERSION = YES;
				CLANG_WARN_INFINITE_RECURSION = YES;
				CLANG_WARN_INT_CONVERSION = YES;
				CLANG_WARN_NON_LITERAL_NULL_CONVERSION = YES;
				CLANG_WARN_OBJC_IMPLICIT_RETAIN_SELF = YES;
				CLANG_WARN_OBJC_LITERAL_CONVERSION = YES;
				CLANG_WARN_OBJC_ROOT_CLASS = YES_ERROR;
				CLANG_WARN_QUOTED_INCLUDE_IN_FRAMEWORK_HEADER = YES;
				CLANG_WARN_RANGE_LOOP_ANALYSIS = YES;
				CLANG_WARN_STRICT_PROTOTYPES = YES;
				CLANG_WARN_SUSPICIOUS_MOVE = YES;
				CLANG_WARN_UNGUARDED_AVAILABILITY = YES_AGGRESSIVE;
				CLANG_WARN_UNREACHABLE_CODE = YES;
				CLANG_WARN__DUPLICATE_METHOD_MATCH = YES;
				COPY_PHASE_STRIP = NO;
				DEBUG_INFORMATION_FORMAT = dwarf;
				ENABLE_STRICT_OBJC_MSGSEND = YES;
				ENABLE_TESTABILITY = YES;
				ENABLE_USER_SCRIPT_SANDBOXING = YES;
				GCC_C_LANGUAGE_STANDARD = gnu17;
				GCC_DYNAMIC_NO_PIC = NO;
				GCC_NO_COMMON_BLOCKS = YES;
				GCC_OPTIMIZATION_LEVEL = 0;
				GCC_PREPROCESSOR_DEFINITIONS = (
					"DEBUG=1",
					"$(inherited)",
				);
				GCC_WARN_64_TO_32_BIT_CONVERSION = YES;
				GCC_WARN_ABOUT_RETURN_TYPE = YES_ERROR;
				GCC_WARN_UNDECLARED_SELECTOR = YES;
				GCC_WARN_UNINITIALIZED_AUTOS = YES_AGGRESSIVE;
				GCC_WARN_UNUSED_FUNCTION = YES;
				GCC_WARN_UNUSED_VARIABLE = YES;
				IPHONEOS_DEPLOYMENT_TARGET = 17.2;
				LOCALIZATION_PREFERS_STRING_CATALOGS = YES;
				MTL_ENABLE_DEBUG_INFO = INCLUDE_SOURCE;
				MTL_FAST_MATH = YES;
				ONLY_ACTIVE_ARCH = YES;
				SDKROOT = iphoneos;
				SWIFT_ACTIVE_COMPILATION_CONDITIONS = "DEBUG $(inherited)";
				SWIFT_OPTIMIZATION_LEVEL = "-Onone";
			};
			name = Debug;
		};
		D686A98F2B44BDFD005FE93C /* Release */ = {
			isa = XCBuildConfiguration;
			buildSettings = {
				ALWAYS_SEARCH_USER_PATHS = NO;
				ASSETCATALOG_COMPILER_GENERATE_SWIFT_ASSET_SYMBOL_EXTENSIONS = YES;
				CLANG_ANALYZER_NONNULL = YES;
				CLANG_ANALYZER_NUMBER_OBJECT_CONVERSION = YES_AGGRESSIVE;
				CLANG_CXX_LANGUAGE_STANDARD = "gnu++20";
				CLANG_ENABLE_MODULES = YES;
				CLANG_ENABLE_OBJC_ARC = YES;
				CLANG_ENABLE_OBJC_WEAK = YES;
				CLANG_WARN_BLOCK_CAPTURE_AUTORELEASING = YES;
				CLANG_WARN_BOOL_CONVERSION = YES;
				CLANG_WARN_COMMA = YES;
				CLANG_WARN_CONSTANT_CONVERSION = YES;
				CLANG_WARN_DEPRECATED_OBJC_IMPLEMENTATIONS = YES;
				CLANG_WARN_DIRECT_OBJC_ISA_USAGE = YES_ERROR;
				CLANG_WARN_DOCUMENTATION_COMMENTS = YES;
				CLANG_WARN_EMPTY_BODY = YES;
				CLANG_WARN_ENUM_CONVERSION = YES;
				CLANG_WARN_INFINITE_RECURSION = YES;
				CLANG_WARN_INT_CONVERSION = YES;
				CLANG_WARN_NON_LITERAL_NULL_CONVERSION = YES;
				CLANG_WARN_OBJC_IMPLICIT_RETAIN_SELF = YES;
				CLANG_WARN_OBJC_LITERAL_CONVERSION = YES;
				CLANG_WARN_OBJC_ROOT_CLASS = YES_ERROR;
				CLANG_WARN_QUOTED_INCLUDE_IN_FRAMEWORK_HEADER = YES;
				CLANG_WARN_RANGE_LOOP_ANALYSIS = YES;
				CLANG_WARN_STRICT_PROTOTYPES = YES;
				CLANG_WARN_SUSPICIOUS_MOVE = YES;
				CLANG_WARN_UNGUARDED_AVAILABILITY = YES_AGGRESSIVE;
				CLANG_WARN_UNREACHABLE_CODE = YES;
				CLANG_WARN__DUPLICATE_METHOD_MATCH = YES;
				COPY_PHASE_STRIP = NO;
				DEBUG_INFORMATION_FORMAT = "dwarf-with-dsym";
				ENABLE_NS_ASSERTIONS = NO;
				ENABLE_STRICT_OBJC_MSGSEND = YES;
				ENABLE_USER_SCRIPT_SANDBOXING = YES;
				GCC_C_LANGUAGE_STANDARD = gnu17;
				GCC_NO_COMMON_BLOCKS = YES;
				GCC_WARN_64_TO_32_BIT_CONVERSION = YES;
				GCC_WARN_ABOUT_RETURN_TYPE = YES_ERROR;
				GCC_WARN_UNDECLARED_SELECTOR = YES;
				GCC_WARN_UNINITIALIZED_AUTOS = YES_AGGRESSIVE;
				GCC_WARN_UNUSED_FUNCTION = YES;
				GCC_WARN_UNUSED_VARIABLE = YES;
				IPHONEOS_DEPLOYMENT_TARGET = 17.2;
				LOCALIZATION_PREFERS_STRING_CATALOGS = YES;
				MTL_ENABLE_DEBUG_INFO = NO;
				MTL_FAST_MATH = YES;
				SDKROOT = iphoneos;
				SWIFT_COMPILATION_MODE = wholemodule;
				VALIDATE_PRODUCT = YES;
			};
			name = Release;
		};
		D686A9912B44BDFD005FE93C /* Debug */ = {
			isa = XCBuildConfiguration;
			buildSettings = {
				ASSETCATALOG_COMPILER_APPICON_NAME = AppIcon;
				ASSETCATALOG_COMPILER_GLOBAL_ACCENT_COLOR_NAME = AccentColor;
				CODE_SIGN_STYLE = Automatic;
				CURRENT_PROJECT_VERSION = 1;
				DEVELOPMENT_ASSET_PATHS = "\"SwiftDemoSpeech/Preview Content\"";
				ENABLE_PREVIEWS = YES;
				GENERATE_INFOPLIST_FILE = YES;
				INFOPLIST_KEY_NSMicrophoneUsageDescription = "Microphone use for speaking";
				INFOPLIST_KEY_NSSpeechRecognitionUsageDescription = "Speech Recognition";
				INFOPLIST_KEY_UIApplicationSceneManifest_Generation = YES;
				INFOPLIST_KEY_UIApplicationSupportsIndirectInputEvents = YES;
				INFOPLIST_KEY_UILaunchScreen_Generation = YES;
				INFOPLIST_KEY_UISupportedInterfaceOrientations_iPad = "UIInterfaceOrientationPortrait UIInterfaceOrientationPortraitUpsideDown UIInterfaceOrientationLandscapeLeft UIInterfaceOrientationLandscapeRight";
				INFOPLIST_KEY_UISupportedInterfaceOrientations_iPhone = "UIInterfaceOrientationPortrait UIInterfaceOrientationLandscapeLeft UIInterfaceOrientationLandscapeRight";
				LD_RUNPATH_SEARCH_PATHS = (
					"$(inherited)",
					"@executable_path/Frameworks",
				);
				MARKETING_VERSION = 1.0;
				PRODUCT_BUNDLE_IDENTIFIER = com.template.SwiftDemoSpeech;
				PRODUCT_NAME = "$(TARGET_NAME)";
				SWIFT_EMIT_LOC_STRINGS = YES;
				SWIFT_VERSION = 5.0;
				TARGETED_DEVICE_FAMILY = "1,2";
			};
			name = Debug;
		};
		D686A9922B44BDFD005FE93C /* Release */ = {
			isa = XCBuildConfiguration;
			buildSettings = {
				ASSETCATALOG_COMPILER_APPICON_NAME = AppIcon;
				ASSETCATALOG_COMPILER_GLOBAL_ACCENT_COLOR_NAME = AccentColor;
				CODE_SIGN_STYLE = Automatic;
				CURRENT_PROJECT_VERSION = 1;
				DEVELOPMENT_ASSET_PATHS = "\"SwiftDemoSpeech/Preview Content\"";
				ENABLE_PREVIEWS = YES;
				GENERATE_INFOPLIST_FILE = YES;
				INFOPLIST_KEY_NSMicrophoneUsageDescription = "Microphone use for speaking";
				INFOPLIST_KEY_NSSpeechRecognitionUsageDescription = "Speech Recognition";
				INFOPLIST_KEY_UIApplicationSceneManifest_Generation = YES;
				INFOPLIST_KEY_UIApplicationSupportsIndirectInputEvents = YES;
				INFOPLIST_KEY_UILaunchScreen_Generation = YES;
				INFOPLIST_KEY_UISupportedInterfaceOrientations_iPad = "UIInterfaceOrientationPortrait UIInterfaceOrientationPortraitUpsideDown UIInterfaceOrientationLandscapeLeft UIInterfaceOrientationLandscapeRight";
				INFOPLIST_KEY_UISupportedInterfaceOrientations_iPhone = "UIInterfaceOrientationPortrait UIInterfaceOrientationLandscapeLeft UIInterfaceOrientationLandscapeRight";
				LD_RUNPATH_SEARCH_PATHS = (
					"$(inherited)",
					"@executable_path/Frameworks",
				);
				MARKETING_VERSION = 1.0;
				PRODUCT_BUNDLE_IDENTIFIER = com.template.SwiftDemoSpeech;
				PRODUCT_NAME = "$(TARGET_NAME)";
				SWIFT_EMIT_LOC_STRINGS = YES;
				SWIFT_VERSION = 5.0;
				TARGETED_DEVICE_FAMILY = "1,2";
			};
			name = Release;
		};
		D686A9942B44BDFD005FE93C /* Debug */ = {
			isa = XCBuildConfiguration;
			buildSettings = {
				ALWAYS_EMBED_SWIFT_STANDARD_LIBRARIES = YES;
				BUNDLE_LOADER = "$(TEST_HOST)";
				CODE_SIGN_STYLE = Automatic;
				CURRENT_PROJECT_VERSION = 1;
				GENERATE_INFOPLIST_FILE = YES;
				IPHONEOS_DEPLOYMENT_TARGET = 17.2;
				MARKETING_VERSION = 1.0;
				PRODUCT_BUNDLE_IDENTIFIER = com.template.SwiftDemoSpeechTests;
				PRODUCT_NAME = "$(TARGET_NAME)";
				SWIFT_EMIT_LOC_STRINGS = NO;
				SWIFT_VERSION = 5.0;
				TARGETED_DEVICE_FAMILY = "1,2";
				TEST_HOST = "$(BUILT_PRODUCTS_DIR)/SwiftDemoSpeech.app/$(BUNDLE_EXECUTABLE_FOLDER_PATH)/SwiftDemoSpeech";
			};
			name = Debug;
		};
		D686A9952B44BDFD005FE93C /* Release */ = {
			isa = XCBuildConfiguration;
			buildSettings = {
				ALWAYS_EMBED_SWIFT_STANDARD_LIBRARIES = YES;
				BUNDLE_LOADER = "$(TEST_HOST)";
				CODE_SIGN_STYLE = Automatic;
				CURRENT_PROJECT_VERSION = 1;
				GENERATE_INFOPLIST_FILE = YES;
				IPHONEOS_DEPLOYMENT_TARGET = 17.2;
				MARKETING_VERSION = 1.0;
				PRODUCT_BUNDLE_IDENTIFIER = com.template.SwiftDemoSpeechTests;
				PRODUCT_NAME = "$(TARGET_NAME)";
				SWIFT_EMIT_LOC_STRINGS = NO;
				SWIFT_VERSION = 5.0;
				TARGETED_DEVICE_FAMILY = "1,2";
				TEST_HOST = "$(BUILT_PRODUCTS_DIR)/SwiftDemoSpeech.app/$(BUNDLE_EXECUTABLE_FOLDER_PATH)/SwiftDemoSpeech";
			};
			name = Release;
		};
		D686A9972B44BDFD005FE93C /* Debug */ = {
			isa = XCBuildConfiguration;
			buildSettings = {
				ALWAYS_EMBED_SWIFT_STANDARD_LIBRARIES = YES;
				CODE_SIGN_STYLE = Automatic;
				CURRENT_PROJECT_VERSION = 1;
				GENERATE_INFOPLIST_FILE = YES;
				MARKETING_VERSION = 1.0;
				PRODUCT_BUNDLE_IDENTIFIER = com.template.SwiftDemoSpeechUITests;
				PRODUCT_NAME = "$(TARGET_NAME)";
				SWIFT_EMIT_LOC_STRINGS = NO;
				SWIFT_VERSION = 5.0;
				TARGETED_DEVICE_FAMILY = "1,2";
				TEST_TARGET_NAME = SwiftDemoSpeech;
			};
			name = Debug;
		};
		D686A9982B44BDFD005FE93C /* Release */ = {
			isa = XCBuildConfiguration;
			buildSettings = {
				ALWAYS_EMBED_SWIFT_STANDARD_LIBRARIES = YES;
				CODE_SIGN_STYLE = Automatic;
				CURRENT_PROJECT_VERSION = 1;
				GENERATE_INFOPLIST_FILE = YES;
				MARKETING_VERSION = 1.0;
				PRODUCT_BUNDLE_IDENTIFIER = com.template.SwiftDemoSpeechUITests;
				PRODUCT_NAME = "$(TARGET_NAME)";
				SWIFT_EMIT_LOC_STRINGS = NO;
				SWIFT_VERSION = 5.0;
				TARGETED_DEVICE_FAMILY = "1,2";
				TEST_TARGET_NAME = SwiftDemoSpeech;
			};
			name = Release;
		};
/* End XCBuildConfiguration section */

/* Begin XCConfigurationList section */
		D686A9672B44BDFB005FE93C /* Build configuration list for PBXProject "SwiftDemoSpeech" */ = {
			isa = XCConfigurationList;
			buildConfigurations = (
				D686A98E2B44BDFD005FE93C /* Debug */,
				D686A98F2B44BDFD005FE93C /* Release */,
			);
			defaultConfigurationIsVisible = 0;
			defaultConfigurationName = Release;
		};
		D686A9902B44BDFD005FE93C /* Build configuration list for PBXNativeTarget "SwiftDemoSpeech" */ = {
			isa = XCConfigurationList;
			buildConfigurations = (
				D686A9912B44BDFD005FE93C /* Debug */,
				D686A9922B44BDFD005FE93C /* Release */,
			);
			defaultConfigurationIsVisible = 0;
			defaultConfigurationName = Release;
		};
		D686A9932B44BDFD005FE93C /* Build configuration list for PBXNativeTarget "SwiftDemoSpeechTests" */ = {
			isa = XCConfigurationList;
			buildConfigurations = (
				D686A9942B44BDFD005FE93C /* Debug */,
				D686A9952B44BDFD005FE93C /* Release */,
			);
			defaultConfigurationIsVisible = 0;
			defaultConfigurationName = Release;
		};
		D686A9962B44BDFD005FE93C /* Build configuration list for PBXNativeTarget "SwiftDemoSpeechUITests" */ = {
			isa = XCConfigurationList;
			buildConfigurations = (
				D686A9972B44BDFD005FE93C /* Debug */,
				D686A9982B44BDFD005FE93C /* Release */,
			);
			defaultConfigurationIsVisible = 0;
			defaultConfigurationName = Release;
		};
/* End XCConfigurationList section */
	};
	rootObject = D686A9642B44BDFB005FE93C /* Project object */;
}
